<?xml version="1.0" encoding="utf-8"?>
<Project ToolsVersion="4.0" xmlns="http://schemas.microsoft.com/developer/msbuild/2003">
  <ItemGroup>
    <Filter Include="Source Files">
      <UniqueIdentifier>{4FC737F1-C7A5-4376-A066-2A32D752A2FF}</UniqueIdentifier>
      <Extensions>cpp;c;cc;cxx;def;odl;idl;hpj;bat;asm;asmx</Extensions>
    </Filter>
    <Filter Include="Header Files">
      <UniqueIdentifier>{93995380-89BD-4b04-88EB-625FBE52EBFB}</UniqueIdentifier>
      <Extensions>h;hpp;hxx;hm;inl;inc;xsd</Extensions>
    </Filter>
  </ItemGroup>
  <ItemGroup>
    <ClCompile Include="..\geo_bsd\hpgl\api.cpp">
      <Filter>Source Files</Filter>
    </ClCompile>
    <ClCompile Include="..\geo_bsd\hpgl\api_helpers.cpp">
      <Filter>Source Files</Filter>
    </ClCompile>
    <ClCompile Include="..\geo_bsd\hpgl\bs_assert.cpp">
      <Filter>Source Files</Filter>
    </ClCompile>
    <ClCompile Include="..\geo_bsd\hpgl\bs_random_generator.cpp">
      <Filter>Source Files</Filter>
    </ClCompile>
    <ClCompile Include="..\geo_bsd\hpgl\calc_mean.cpp">
      <Filter>Source Files</Filter>
    </ClCompile>
    <ClCompile Include="..\geo_bsd\hpgl\cdf_utils.cpp">
      <Filter>Source Files</Filter>
    </ClCompile>
    <ClCompile Include="..\geo_bsd\hpgl\clusterizer.cpp">
      <Filter>Source Files</Filter>
    </ClCompile>
    <ClCompile Include="..\geo_bsd\hpgl\covariance_field.cpp">
      <Filter>Source Files</Filter>
    </ClCompile>
    <ClCompile Include="..\geo_bsd\hpgl\covariance_param.cpp">
      <Filter>Source Files</Filter>
    </ClCompile>
    <ClCompile Include="..\geo_bsd\hpgl\gauss_solver.cpp">
      <Filter>Source Files</Filter>
    </ClCompile>
    <ClCompile Include="..\geo_bsd\hpgl\hpgl_exception.cpp">
      <Filter>Source Files</Filter>
    </ClCompile>
    <ClCompile Include="..\geo_bsd\hpgl\ik_params.cpp">
      <Filter>Source Files</Filter>
    </ClCompile>
    <ClCompile Include="..\geo_bsd\hpgl\indicator_kriging.cpp">
      <Filter>Source Files</Filter>
    </ClCompile>
    <ClCompile Include="..\geo_bsd\hpgl\kriging_stats.cpp">
      <Filter>Source Files</Filter>
    </ClCompile>
    <ClCompile Include="..\geo_bsd\hpgl\load_property_from_file.cpp">
      <Filter>Source Files</Filter>
    </ClCompile>
    <ClCompile Include="..\geo_bsd\hpgl\logging.cpp">
      <Filter>Source Files</Filter>
    </ClCompile>
    <ClCompile Include="..\geo_bsd\hpgl\lvm_kriging.cpp">
      <Filter>Source Files</Filter>
    </ClCompile>
    <ClCompile Include="..\geo_bsd\hpgl\mean_provider.cpp">
      <Filter>Source Files</Filter>
    </ClCompile>
    <ClCompile Include="..\geo_bsd\hpgl\median_ik.cpp">
      <Filter>Source Files</Filter>
    </ClCompile>
    <ClCompile Include="..\geo_bsd\hpgl\neighbourhood_param.cpp">
      <Filter>Source Files</Filter>
    </ClCompile>
    <ClCompile Include="..\geo_bsd\hpgl\ok_params.cpp">
      <Filter>Source Files</Filter>
    </ClCompile>
    <ClCompile Include="..\geo_bsd\hpgl\ordinary_kriging.cpp">
      <Filter>Source Files</Filter>
    </ClCompile>
    <ClCompile Include="..\geo_bsd\hpgl\output.cpp">
      <Filter>Source Files</Filter>
    </ClCompile>
    <ClCompile Include="..\geo_bsd\hpgl\path_random_generator.cpp">
      <Filter>Source Files</Filter>
    </ClCompile>
    <ClCompile Include="..\geo_bsd\hpgl\pretty_printer.cpp">
      <Filter>Source Files</Filter>
    </ClCompile>
    <ClCompile Include="..\geo_bsd\hpgl\progress_reporter.cpp">
      <Filter>Source Files</Filter>
    </ClCompile>
    <ClCompile Include="..\geo_bsd\hpgl\property_writer.cpp">
      <Filter>Source Files</Filter>
    </ClCompile>
    <ClCompile Include="..\geo_bsd\hpgl\random_node_enumerator.cpp">
      <Filter>Source Files</Filter>
    </ClCompile>
    <ClCompile Include="..\geo_bsd\hpgl\read_inc_file.cpp">
      <Filter>Source Files</Filter>
    </ClCompile>
    <ClCompile Include="..\geo_bsd\hpgl\sample.cpp">
      <Filter>Source Files</Filter>
    </ClCompile>
    <ClCompile Include="..\geo_bsd\hpgl\sequential_gaussian_simulation.cpp">
      <Filter>Source Files</Filter>
    </ClCompile>
    <ClCompile Include="..\geo_bsd\hpgl\sequential_indicator_simulation.cpp">
      <Filter>Source Files</Filter>
    </ClCompile>
    <ClCompile Include="..\geo_bsd\hpgl\set_thread_num.cpp">
      <Filter>Source Files</Filter>
    </ClCompile>
    <ClCompile Include="..\geo_bsd\hpgl\sgs_params.cpp">
      <Filter>Source Files</Filter>
    </ClCompile>
    <ClCompile Include="..\geo_bsd\hpgl\simple_cokriging_markI.cpp">
      <Filter>Source Files</Filter>
    </ClCompile>
    <ClCompile Include="..\geo_bsd\hpgl\simple_kriging.cpp">
      <Filter>Source Files</Filter>
    </ClCompile>
    <ClCompile Include="..\geo_bsd\hpgl\sk_params_t.cpp">
      <Filter>Source Files</Filter>
    </ClCompile>
    <ClCompile Include="..\geo_bsd\hpgl\sugarbox_grid.cpp">
      <Filter>Source Files</Filter>
    </ClCompile>
    <ClCompile Include="..\geo_bsd\hpgl\stdafx.cpp">
      <Filter>Source Files</Filter>
    </ClCompile>
  </ItemGroup>
  <ItemGroup>
    <ClInclude Include="..\geo_bsd\hpgl\api.h">
      <Filter>Header Files</Filter>
    </ClInclude>
    <ClInclude Include="..\geo_bsd\hpgl\api_helpers.hpp">
      <Filter>Header Files</Filter>
    </ClInclude>
    <ClInclude Include="..\geo_bsd\hpgl\bs_assert.h">
      <Filter>Header Files</Filter>
    </ClInclude>
    <ClInclude Include="..\geo_bsd\hpgl\bs_random_generator.h">
      <Filter>Header Files</Filter>
    </ClInclude>
    <ClInclude Include="..\geo_bsd\hpgl\buffer_accessor_3d.h">
      <Filter>Header Files</Filter>
    </ClInclude>
    <ClInclude Include="..\geo_bsd\hpgl\calc_mean.h">
      <Filter>Header Files</Filter>
    </ClInclude>
    <ClInclude Include="..\geo_bsd\hpgl\cdf_utils.h">
      <Filter>Header Files</Filter>
    </ClInclude>
    <ClInclude Include="..\geo_bsd\hpgl\clusterizer.h">
      <Filter>Header Files</Filter>
    </ClInclude>
    <ClInclude Include="..\geo_bsd\hpgl\combiner.h">
      <Filter>Header Files</Filter>
    </ClInclude>
    <ClInclude Include="..\geo_bsd\hpgl\cont_kriging.h">
      <Filter>Header Files</Filter>
    </ClInclude>
    <ClInclude Include="..\geo_bsd\hpgl\cov_model.h">
      <Filter>Header Files</Filter>
    </ClInclude>
    <ClInclude Include="..\geo_bsd\hpgl\covariance_field.h">
      <Filter>Header Files</Filter>
    </ClInclude>
    <ClInclude Include="..\geo_bsd\hpgl\covariance_param.h">
      <Filter>Header Files</Filter>
    </ClInclude>
    <ClInclude Include="..\geo_bsd\hpgl\covariance_type.h">
      <Filter>Header Files</Filter>
    </ClInclude>
    <ClInclude Include="..\geo_bsd\hpgl\gauss_solver.h">
      <Filter>Header Files</Filter>
    </ClInclude>
    <ClInclude Include="..\geo_bsd\hpgl\gaussian_distribution.h">
      <Filter>Header Files</Filter>
    </ClInclude>
    <ClInclude Include="..\geo_bsd\hpgl\generate_reverse_path.h">
      <Filter>Header Files</Filter>
    </ClInclude>
    <ClInclude Include="..\geo_bsd\hpgl\geometry.h">
      <Filter>Header Files</Filter>
    </ClInclude>
    <ClInclude Include="..\geo_bsd\hpgl\hpgl_core.h">
      <Filter>Header Files</Filter>
    </ClInclude>
    <ClInclude Include="..\geo_bsd\hpgl\hpgl_exception.h">
      <Filter>Header Files</Filter>
    </ClInclude>
    <ClInclude Include="..\geo_bsd\hpgl\ik_params.h">
      <Filter>Header Files</Filter>
    </ClInclude>
    <ClInclude Include="..\geo_bsd\hpgl\index_3d.h">
      <Filter>Header Files</Filter>
    </ClInclude>
    <ClInclude Include="..\geo_bsd\hpgl\indicator_kriging.h">
      <Filter>Header Files</Filter>
    </ClInclude>
    <ClInclude Include="..\geo_bsd\hpgl\indicator_param.h">
      <Filter>Header Files</Filter>
    </ClInclude>
    <ClInclude Include="..\geo_bsd\hpgl\is_informed_predicate.h">
      <Filter>Header Files</Filter>
    </ClInclude>
    <ClInclude Include="..\geo_bsd\hpgl\kriging.h">
      <Filter>Header Files</Filter>
    </ClInclude>
    <ClInclude Include="..\geo_bsd\hpgl\kriging_constraints.h">
      <Filter>Header Files</Filter>
    </ClInclude>
    <ClInclude Include="..\geo_bsd\hpgl\kriging_interpolation.h">
      <Filter>Header Files</Filter>
    </ClInclude>
    <ClInclude Include="..\geo_bsd\hpgl\kriging_stats.h">
      <Filter>Header Files</Filter>
    </ClInclude>
    <ClInclude Include="..\geo_bsd\hpgl\load_property_from_file.h">
      <Filter>Header Files</Filter>
    </ClInclude>
    <ClInclude Include="..\geo_bsd\hpgl\locale_keeper.h">
      <Filter>Header Files</Filter>
    </ClInclude>
    <ClInclude Include="..\geo_bsd\hpgl\logging.h">
      <Filter>Header Files</Filter>
    </ClInclude>
    <ClInclude Include="..\geo_bsd\hpgl\looped_sugarbox_grid.h">
      <Filter>Header Files</Filter>
    </ClInclude>
    <ClInclude Include="..\geo_bsd\hpgl\lvm_utils.h">
      <Filter>Header Files</Filter>
    </ClInclude>
    <ClInclude Include="..\geo_bsd\hpgl\map_categories.h">
      <Filter>Header Files</Filter>
    </ClInclude>
    <ClInclude Include="..\geo_bsd\hpgl\mean_provider.h">
      <Filter>Header Files</Filter>
    </ClInclude>
    <ClInclude Include="..\geo_bsd\hpgl\median_ik.h">
      <Filter>Header Files</Filter>
    </ClInclude>
    <ClInclude Include="..\geo_bsd\hpgl\my_kriging_weights.h">
      <Filter>Header Files</Filter>
    </ClInclude>
    <ClInclude Include="..\geo_bsd\hpgl\neighbour_set.h">
      <Filter>Header Files</Filter>
    </ClInclude>
    <ClInclude Include="..\geo_bsd\hpgl\neighbourhood_lookup.h">
      <Filter>Header Files</Filter>
    </ClInclude>
    <ClInclude Include="..\geo_bsd\hpgl\neighbourhood_param.h">
      <Filter>Header Files</Filter>
    </ClInclude>
    <ClInclude Include="..\geo_bsd\hpgl\non_parametric_cdf.h">
      <Filter>Header Files</Filter>
    </ClInclude>
    <ClInclude Include="..\geo_bsd\hpgl\ok_params.h">
      <Filter>Header Files</Filter>
    </ClInclude>
    <ClInclude Include="..\geo_bsd\hpgl\output.h">
      <Filter>Header Files</Filter>
    </ClInclude>
    <ClInclude Include="..\geo_bsd\hpgl\path_random_generator.h">
      <Filter>Header Files</Filter>
    </ClInclude>
    <ClInclude Include="..\geo_bsd\hpgl\precalculated_covariance.h">
      <Filter>Header Files</Filter>
    </ClInclude>
    <ClInclude Include="..\geo_bsd\hpgl\pretty_printer.h">
      <Filter>Header Files</Filter>
    </ClInclude>
    <ClInclude Include="..\geo_bsd\hpgl\progress_reporter.h">
      <Filter>Header Files</Filter>
    </ClInclude>
    <ClInclude Include="..\geo_bsd\hpgl\property_array.h">
      <Filter>Header Files</Filter>
    </ClInclude>
    <ClInclude Include="..\geo_bsd\hpgl\property_writer.h">
      <Filter>Header Files</Filter>
    </ClInclude>
    <ClInclude Include="..\geo_bsd\hpgl\random_node_enumerator.h">
      <Filter>Header Files</Filter>
    </ClInclude>
    <ClInclude Include="..\geo_bsd\hpgl\sample.h">
      <Filter>Header Files</Filter>
    </ClInclude>
    <ClInclude Include="..\geo_bsd\hpgl\select.h">
      <Filter>Header Files</Filter>
    </ClInclude>
    <ClInclude Include="..\geo_bsd\hpgl\sequential_simulation.h">
      <Filter>Header Files</Filter>
    </ClInclude>
    <ClInclude Include="..\geo_bsd\hpgl\setup_common_api.h">
      <Filter>Header Files</Filter>
    </ClInclude>
    <ClInclude Include="..\geo_bsd\hpgl\setup_plugin_api.h">
      <Filter>Header Files</Filter>
    </ClInclude>
    <ClInclude Include="..\geo_bsd\hpgl\sgs_params.h">
      <Filter>Header Files</Filter>
    </ClInclude>
    <ClInclude Include="..\geo_bsd\hpgl\sk_params.h">
      <Filter>Header Files</Filter>
    </ClInclude>
    <ClInclude Include="..\geo_bsd\hpgl\stdafx.h">
      <Filter>Header Files</Filter>
    </ClInclude>
    <ClInclude Include="..\geo_bsd\hpgl\sugarbox_grid.h">
      <Filter>Header Files</Filter>
    </ClInclude>
    <ClInclude Include="..\geo_bsd\hpgl\sugarbox_indexed_neighbour_lookup.h">
      <Filter>Header Files</Filter>
    </ClInclude>
    <ClInclude Include="..\geo_bsd\hpgl\sugarbox_neighbour_lookup.h">
      <Filter>Header Files</Filter>
    </ClInclude>
    <ClInclude Include="..\geo_bsd\hpgl\sugarbox_neighbour_lookup_distance.h">
      <Filter>Header Files</Filter>
    </ClInclude>
    <ClInclude Include="..\geo_bsd\hpgl\top_only_container.h">
      <Filter>Header Files</Filter>
    </ClInclude>
    <ClInclude Include="..\geo_bsd\hpgl\trace_functions.h">
      <Filter>Header Files</Filter>
    </ClInclude>
    <ClInclude Include="..\geo_bsd\hpgl\typedefs.h">
      <Filter>Header Files</Filter>
    </ClInclude>
    <ClInclude Include="..\geo_bsd\hpgl\var_radix_utils.h">
      <Filter>Header Files</Filter>
    </ClInclude>
    <ClInclude Include="..\geo_bsd\hpgl\variable.h">
      <Filter>Header Files</Filter>
    </ClInclude>
  </ItemGroup>
</Project>
